// !$*UTF8*$!
{
	archiveVersion = 1;
	classes = {
	};
	objectVersion = 48;
	objects = {

/* Begin PBXBuildFile section */
		5153C3B21FDAD3AD0037B3C7 /* AppDelegate.swift in Sources */ = {isa = PBXBuildFile; fileRef = 5153C3B11FDAD3AD0037B3C7 /* AppDelegate.swift */; };
		5153C3B71FDAD3AD0037B3C7 /* Main.storyboard in Resources */ = {isa = PBXBuildFile; fileRef = 5153C3B51FDAD3AD0037B3C7 /* Main.storyboard */; };
		5153C3B91FDAD3AD0037B3C7 /* Assets.xcassets in Resources */ = {isa = PBXBuildFile; fileRef = 5153C3B81FDAD3AD0037B3C7 /* Assets.xcassets */; };
		5153C3BC1FDAD3AD0037B3C7 /* LaunchScreen.storyboard in Resources */ = {isa = PBXBuildFile; fileRef = 5153C3BA1FDAD3AD0037B3C7 /* LaunchScreen.storyboard */; };
		5153C3D51FDADBCD0037B3C7 /* ClockViewController.swift in Sources */ = {isa = PBXBuildFile; fileRef = 5153C3D41FDADBCD0037B3C7 /* ClockViewController.swift */; };
		5153C3DE1FDB966B0037B3C7 /* Nouveau_IBM.ttf in Resources */ = {isa = PBXBuildFile; fileRef = 5153C3DD1FDB966B0037B3C7 /* Nouveau_IBM.ttf */; };
		5153C3E11FDC3D040037B3C7 /* 123349__tempouser__digital-alarm.wav in Resources */ = {isa = PBXBuildFile; fileRef = 5153C3E01FDC3D040037B3C7 /* 123349__tempouser__digital-alarm.wav */; };
		5153C3E31FDC3DE50037B3C7 /* ClockTimeData.swift in Sources */ = {isa = PBXBuildFile; fileRef = 5153C3E21FDC3DE50037B3C7 /* ClockTimeData.swift */; };
		5153C3E51FDC543C0037B3C7 /* TimeMeridiem.swift in Sources */ = {isa = PBXBuildFile; fileRef = 5153C3E41FDC543C0037B3C7 /* TimeMeridiem.swift */; };
		5153C3E71FDC5C450037B3C7 /* ClockTimeDataTests.swift in Sources */ = {isa = PBXBuildFile; fileRef = 5153C3E61FDC5C450037B3C7 /* ClockTimeDataTests.swift */; };
		5153C3E91FDCA7B20037B3C7 /* ClockDateData.swift in Sources */ = {isa = PBXBuildFile; fileRef = 5153C3E81FDCA7B20037B3C7 /* ClockDateData.swift */; };
		5153C3EB1FDCAA870037B3C7 /* ClockDateDataTests.swift in Sources */ = {isa = PBXBuildFile; fileRef = 5153C3EA1FDCAA870037B3C7 /* ClockDateDataTests.swift */; };
		5153C3F81FDDFA7D0037B3C7 /* IconGear.svg in Resources */ = {isa = PBXBuildFile; fileRef = 5153C3F51FDDFA7D0037B3C7 /* IconGear.svg */; };
		5153C3F91FDDFA7D0037B3C7 /* IconBattery.svg in Resources */ = {isa = PBXBuildFile; fileRef = 5153C3F61FDDFA7D0037B3C7 /* IconBattery.svg */; };
		5153C3FA1FDDFA7D0037B3C7 /* IconBell.svg in Resources */ = {isa = PBXBuildFile; fileRef = 5153C3F71FDDFA7D0037B3C7 /* IconBell.svg */; };
		6D38873F164CB84FF7B5388A /* Pods_minapps_alarm_clockTests.framework in Frameworks */ = {isa = PBXBuildFile; fileRef = AF6C271760E7E13061C5906D /* Pods_minapps_alarm_clockTests.framework */; };
		E9D1590BA0974007CE7F1EE2 /* Pods_minapps_alarm_clock.framework in Frameworks */ = {isa = PBXBuildFile; fileRef = 618728397547F7A872A45775 /* Pods_minapps_alarm_clock.framework */; };
/* End PBXBuildFile section */

/* Begin PBXContainerItemProxy section */
		5153C3C31FDAD3AD0037B3C7 /* PBXContainerItemProxy */ = {
			isa = PBXContainerItemProxy;
			containerPortal = 5153C3A61FDAD3AC0037B3C7 /* Project object */;
			proxyType = 1;
			remoteGlobalIDString = 5153C3AD1FDAD3AD0037B3C7;
			remoteInfo = "minapps-alarm-clock";
		};
/* End PBXContainerItemProxy section */

/* Begin PBXFileReference section */
		5153C3AE1FDAD3AD0037B3C7 /* minapps-alarm-clock.app */ = {isa = PBXFileReference; explicitFileType = wrapper.application; includeInIndex = 0; path = "minapps-alarm-clock.app"; sourceTree = BUILT_PRODUCTS_DIR; };
		5153C3B11FDAD3AD0037B3C7 /* AppDelegate.swift */ = {isa = PBXFileReference; lastKnownFileType = sourcecode.swift; path = AppDelegate.swift; sourceTree = "<group>"; };
		5153C3B61FDAD3AD0037B3C7 /* Base */ = {isa = PBXFileReference; lastKnownFileType = file.storyboard; name = Base; path = Base.lproj/Main.storyboard; sourceTree = "<group>"; };
		5153C3B81FDAD3AD0037B3C7 /* Assets.xcassets */ = {isa = PBXFileReference; lastKnownFileType = folder.assetcatalog; path = Assets.xcassets; sourceTree = "<group>"; };
		5153C3BB1FDAD3AD0037B3C7 /* Base */ = {isa = PBXFileReference; lastKnownFileType = file.storyboard; name = Base; path = Base.lproj/LaunchScreen.storyboard; sourceTree = "<group>"; };
		5153C3BD1FDAD3AD0037B3C7 /* Info.plist */ = {isa = PBXFileReference; lastKnownFileType = text.plist.xml; path = Info.plist; sourceTree = "<group>"; };
		5153C3C21FDAD3AD0037B3C7 /* minapps-alarm-clockTests.xctest */ = {isa = PBXFileReference; explicitFileType = wrapper.cfbundle; includeInIndex = 0; path = "minapps-alarm-clockTests.xctest"; sourceTree = BUILT_PRODUCTS_DIR; };
		5153C3C81FDAD3AD0037B3C7 /* Info.plist */ = {isa = PBXFileReference; lastKnownFileType = text.plist.xml; path = Info.plist; sourceTree = "<group>"; };
		5153C3D41FDADBCD0037B3C7 /* ClockViewController.swift */ = {isa = PBXFileReference; fileEncoding = 4; lastKnownFileType = sourcecode.swift; path = ClockViewController.swift; sourceTree = "<group>"; };
		5153C3DD1FDB966B0037B3C7 /* Nouveau_IBM.ttf */ = {isa = PBXFileReference; lastKnownFileType = file; path = Nouveau_IBM.ttf; sourceTree = "<group>"; };
		5153C3E01FDC3D040037B3C7 /* 123349__tempouser__digital-alarm.wav */ = {isa = PBXFileReference; lastKnownFileType = audio.wav; path = "123349__tempouser__digital-alarm.wav"; sourceTree = "<group>"; };
		5153C3E21FDC3DE50037B3C7 /* ClockTimeData.swift */ = {isa = PBXFileReference; lastKnownFileType = sourcecode.swift; path = ClockTimeData.swift; sourceTree = "<group>"; };
		5153C3E41FDC543C0037B3C7 /* TimeMeridiem.swift */ = {isa = PBXFileReference; lastKnownFileType = sourcecode.swift; path = TimeMeridiem.swift; sourceTree = "<group>"; };
		5153C3E61FDC5C450037B3C7 /* ClockTimeDataTests.swift */ = {isa = PBXFileReference; lastKnownFileType = sourcecode.swift; path = ClockTimeDataTests.swift; sourceTree = "<group>"; };
		5153C3E81FDCA7B20037B3C7 /* ClockDateData.swift */ = {isa = PBXFileReference; lastKnownFileType = sourcecode.swift; path = ClockDateData.swift; sourceTree = "<group>"; };
		5153C3EA1FDCAA870037B3C7 /* ClockDateDataTests.swift */ = {isa = PBXFileReference; lastKnownFileType = sourcecode.swift; path = ClockDateDataTests.swift; sourceTree = "<group>"; };
		5153C3F51FDDFA7D0037B3C7 /* IconGear.svg */ = {isa = PBXFileReference; fileEncoding = 4; lastKnownFileType = text; path = IconGear.svg; sourceTree = "<group>"; };
		5153C3F61FDDFA7D0037B3C7 /* IconBattery.svg */ = {isa = PBXFileReference; fileEncoding = 4; lastKnownFileType = text; path = IconBattery.svg; sourceTree = "<group>"; };
		5153C3F71FDDFA7D0037B3C7 /* IconBell.svg */ = {isa = PBXFileReference; fileEncoding = 4; lastKnownFileType = text; path = IconBell.svg; sourceTree = "<group>"; };
		5B45C5E596509652AD53D655 /* Pods-minapps-alarm-clock.debug.xcconfig */ = {isa = PBXFileReference; includeInIndex = 1; lastKnownFileType = text.xcconfig; name = "Pods-minapps-alarm-clock.debug.xcconfig"; path = "Pods/Target Support Files/Pods-minapps-alarm-clock/Pods-minapps-alarm-clock.debug.xcconfig"; sourceTree = "<group>"; };
		618728397547F7A872A45775 /* Pods_minapps_alarm_clock.framework */ = {isa = PBXFileReference; explicitFileType = wrapper.framework; includeInIndex = 0; path = Pods_minapps_alarm_clock.framework; sourceTree = BUILT_PRODUCTS_DIR; };
		6C4151DFE3DEDA57D39624D9 /* Pods-minapps-alarm-clockTests.release.xcconfig */ = {isa = PBXFileReference; includeInIndex = 1; lastKnownFileType = text.xcconfig; name = "Pods-minapps-alarm-clockTests.release.xcconfig"; path = "Pods/Target Support Files/Pods-minapps-alarm-clockTests/Pods-minapps-alarm-clockTests.release.xcconfig"; sourceTree = "<group>"; };
		795EF69116EDC746B90BAEF0 /* Pods-minapps-alarm-clockTests.debug.xcconfig */ = {isa = PBXFileReference; includeInIndex = 1; lastKnownFileType = text.xcconfig; name = "Pods-minapps-alarm-clockTests.debug.xcconfig"; path = "Pods/Target Support Files/Pods-minapps-alarm-clockTests/Pods-minapps-alarm-clockTests.debug.xcconfig"; sourceTree = "<group>"; };
		AF6C271760E7E13061C5906D /* Pods_minapps_alarm_clockTests.framework */ = {isa = PBXFileReference; explicitFileType = wrapper.framework; includeInIndex = 0; path = Pods_minapps_alarm_clockTests.framework; sourceTree = BUILT_PRODUCTS_DIR; };
		EF3717DF4D4265B1FB5BEBDB /* Pods-minapps-alarm-clock.release.xcconfig */ = {isa = PBXFileReference; includeInIndex = 1; lastKnownFileType = text.xcconfig; name = "Pods-minapps-alarm-clock.release.xcconfig"; path = "Pods/Target Support Files/Pods-minapps-alarm-clock/Pods-minapps-alarm-clock.release.xcconfig"; sourceTree = "<group>"; };
/* End PBXFileReference section */

/* Begin PBXFrameworksBuildPhase section */
		5153C3AB1FDAD3AD0037B3C7 /* Frameworks */ = {
			isa = PBXFrameworksBuildPhase;
			buildActionMask = 2147483647;
			files = (
				E9D1590BA0974007CE7F1EE2 /* Pods_minapps_alarm_clock.framework in Frameworks */,
			);
			runOnlyForDeploymentPostprocessing = 0;
		};
		5153C3BF1FDAD3AD0037B3C7 /* Frameworks */ = {
			isa = PBXFrameworksBuildPhase;
			buildActionMask = 2147483647;
			files = (
				6D38873F164CB84FF7B5388A /* Pods_minapps_alarm_clockTests.framework in Frameworks */,
			);
			runOnlyForDeploymentPostprocessing = 0;
		};
/* End PBXFrameworksBuildPhase section */

/* Begin PBXGroup section */
		117E2DE7AD537FB29530CE03 /* Pods */ = {
			isa = PBXGroup;
			children = (
				5B45C5E596509652AD53D655 /* Pods-minapps-alarm-clock.debug.xcconfig */,
				EF3717DF4D4265B1FB5BEBDB /* Pods-minapps-alarm-clock.release.xcconfig */,
				795EF69116EDC746B90BAEF0 /* Pods-minapps-alarm-clockTests.debug.xcconfig */,
				6C4151DFE3DEDA57D39624D9 /* Pods-minapps-alarm-clockTests.release.xcconfig */,
			);
			name = Pods;
			sourceTree = "<group>";
		};
		5153C3A51FDAD3AC0037B3C7 = {
			isa = PBXGroup;
			children = (
				5153C3B01FDAD3AD0037B3C7 /* minapps-alarm-clock */,
				5153C3C51FDAD3AD0037B3C7 /* minapps-alarm-clockTests */,
				5153C3AF1FDAD3AD0037B3C7 /* Products */,
				117E2DE7AD537FB29530CE03 /* Pods */,
				E0BC91545BE43AA337DA9ED0 /* Frameworks */,
			);
			sourceTree = "<group>";
		};
		5153C3AF1FDAD3AD0037B3C7 /* Products */ = {
			isa = PBXGroup;
			children = (
				5153C3AE1FDAD3AD0037B3C7 /* minapps-alarm-clock.app */,
				5153C3C21FDAD3AD0037B3C7 /* minapps-alarm-clockTests.xctest */,
			);
			name = Products;
			sourceTree = "<group>";
		};
		5153C3B01FDAD3AD0037B3C7 /* minapps-alarm-clock */ = {
			isa = PBXGroup;
			children = (
				5153C3F41FDDFA750037B3C7 /* SVGs */,
				5153C3DF1FDC3CED0037B3C7 /* Sounds */,
				5153C3D61FDAE0FA0037B3C7 /* Fonts */,
				5153C3D31FDAD9CE0037B3C7 /* Model */,
				5153C3D21FDAD9C90037B3C7 /* View */,
				5153C3D11FDAD9BF0037B3C7 /* Controller */,
				5153C3B51FDAD3AD0037B3C7 /* Main.storyboard */,
				5153C3BD1FDAD3AD0037B3C7 /* Info.plist */,
				5153C3B11FDAD3AD0037B3C7 /* AppDelegate.swift */,
				5153C3BA1FDAD3AD0037B3C7 /* LaunchScreen.storyboard */,
				5153C3B81FDAD3AD0037B3C7 /* Assets.xcassets */,
			);
			path = "minapps-alarm-clock";
			sourceTree = "<group>";
		};
		5153C3C51FDAD3AD0037B3C7 /* minapps-alarm-clockTests */ = {
			isa = PBXGroup;
			children = (
				5153C3C81FDAD3AD0037B3C7 /* Info.plist */,
				5153C3E61FDC5C450037B3C7 /* ClockTimeDataTests.swift */,
				5153C3EA1FDCAA870037B3C7 /* ClockDateDataTests.swift */,
			);
			path = "minapps-alarm-clockTests";
			sourceTree = "<group>";
		};
		5153C3D11FDAD9BF0037B3C7 /* Controller */ = {
			isa = PBXGroup;
			children = (
				5153C3D41FDADBCD0037B3C7 /* ClockViewController.swift */,
			);
			path = Controller;
			sourceTree = "<group>";
		};
		5153C3D21FDAD9C90037B3C7 /* View */ = {
			isa = PBXGroup;
			children = (
			);
			path = View;
			sourceTree = "<group>";
		};
		5153C3D31FDAD9CE0037B3C7 /* Model */ = {
			isa = PBXGroup;
			children = (
				5153C3E21FDC3DE50037B3C7 /* ClockTimeData.swift */,
				5153C3E41FDC543C0037B3C7 /* TimeMeridiem.swift */,
				5153C3E81FDCA7B20037B3C7 /* ClockDateData.swift */,
			);
			path = Model;
			sourceTree = "<group>";
		};
		5153C3D61FDAE0FA0037B3C7 /* Fonts */ = {
			isa = PBXGroup;
			children = (
				5153C3DD1FDB966B0037B3C7 /* Nouveau_IBM.ttf */,
			);
			path = Fonts;
			sourceTree = "<group>";
		};
		5153C3DF1FDC3CED0037B3C7 /* Sounds */ = {
			isa = PBXGroup;
			children = (
				5153C3E01FDC3D040037B3C7 /* 123349__tempouser__digital-alarm.wav */,
			);
			path = Sounds;
			sourceTree = "<group>";
		};
		5153C3F41FDDFA750037B3C7 /* SVGs */ = {
			isa = PBXGroup;
			children = (
				5153C3F61FDDFA7D0037B3C7 /* IconBattery.svg */,
				5153C3F71FDDFA7D0037B3C7 /* IconBell.svg */,
				5153C3F51FDDFA7D0037B3C7 /* IconGear.svg */,
			);
			path = SVGs;
			sourceTree = "<group>";
		};
		E0BC91545BE43AA337DA9ED0 /* Frameworks */ = {
			isa = PBXGroup;
			children = (
				618728397547F7A872A45775 /* Pods_minapps_alarm_clock.framework */,
				AF6C271760E7E13061C5906D /* Pods_minapps_alarm_clockTests.framework */,
			);
			name = Frameworks;
			sourceTree = "<group>";
		};
/* End PBXGroup section */

/* Begin PBXNativeTarget section */
		5153C3AD1FDAD3AD0037B3C7 /* minapps-alarm-clock */ = {
			isa = PBXNativeTarget;
			buildConfigurationList = 5153C3CB1FDAD3AD0037B3C7 /* Build configuration list for PBXNativeTarget "minapps-alarm-clock" */;
			buildPhases = (
				66D98E9F84842A55A647FBFE /* [CP] Check Pods Manifest.lock */,
				5153C3AA1FDAD3AD0037B3C7 /* Sources */,
				5153C3AB1FDAD3AD0037B3C7 /* Frameworks */,
				5153C3AC1FDAD3AD0037B3C7 /* Resources */,
				40F653F27C4BFBC54426EA10 /* [CP] Embed Pods Frameworks */,
				1866AEF0108580592C705DA8 /* [CP] Copy Pods Resources */,
			);
			buildRules = (
			);
			dependencies = (
			);
			name = "minapps-alarm-clock";
			productName = "minapps-alarm-clock";
			productReference = 5153C3AE1FDAD3AD0037B3C7 /* minapps-alarm-clock.app */;
			productType = "com.apple.product-type.application";
		};
		5153C3C11FDAD3AD0037B3C7 /* minapps-alarm-clockTests */ = {
			isa = PBXNativeTarget;
			buildConfigurationList = 5153C3CE1FDAD3AD0037B3C7 /* Build configuration list for PBXNativeTarget "minapps-alarm-clockTests" */;
			buildPhases = (
				E14A2320B9E30E48E0B71915 /* [CP] Check Pods Manifest.lock */,
				5153C3BE1FDAD3AD0037B3C7 /* Sources */,
				5153C3BF1FDAD3AD0037B3C7 /* Frameworks */,
				5153C3C01FDAD3AD0037B3C7 /* Resources */,
				4DEBEDDF32DD291970545BF8 /* [CP] Embed Pods Frameworks */,
				825BB8BB1CC0BA3A68BDF230 /* [CP] Copy Pods Resources */,
			);
			buildRules = (
			);
			dependencies = (
				5153C3C41FDAD3AD0037B3C7 /* PBXTargetDependency */,
			);
			name = "minapps-alarm-clockTests";
			productName = "minapps-alarm-clockTests";
			productReference = 5153C3C21FDAD3AD0037B3C7 /* minapps-alarm-clockTests.xctest */;
			productType = "com.apple.product-type.bundle.unit-test";
		};
/* End PBXNativeTarget section */

/* Begin PBXProject section */
		5153C3A61FDAD3AC0037B3C7 /* Project object */ = {
			isa = PBXProject;
			attributes = {
				LastSwiftUpdateCheck = 0920;
				LastUpgradeCheck = 0920;
				ORGANIZATIONNAME = Jishenaz;
				TargetAttributes = {
					5153C3AD1FDAD3AD0037B3C7 = {
						CreatedOnToolsVersion = 9.2;
						ProvisioningStyle = Automatic;
					};
					5153C3C11FDAD3AD0037B3C7 = {
						CreatedOnToolsVersion = 9.2;
						ProvisioningStyle = Automatic;
						TestTargetID = 5153C3AD1FDAD3AD0037B3C7;
					};
				};
			};
			buildConfigurationList = 5153C3A91FDAD3AC0037B3C7 /* Build configuration list for PBXProject "minapps-alarm-clock" */;
			compatibilityVersion = "Xcode 8.0";
			developmentRegion = en;
			hasScannedForEncodings = 0;
			knownRegions = (
				en,
				Base,
			);
			mainGroup = 5153C3A51FDAD3AC0037B3C7;
			productRefGroup = 5153C3AF1FDAD3AD0037B3C7 /* Products */;
			projectDirPath = "";
			projectRoot = "";
			targets = (
				5153C3AD1FDAD3AD0037B3C7 /* minapps-alarm-clock */,
				5153C3C11FDAD3AD0037B3C7 /* minapps-alarm-clockTests */,
			);
		};
/* End PBXProject section */

/* Begin PBXResourcesBuildPhase section */
		5153C3AC1FDAD3AD0037B3C7 /* Resources */ = {
			isa = PBXResourcesBuildPhase;
			buildActionMask = 2147483647;
			files = (
				5153C3F91FDDFA7D0037B3C7 /* IconBattery.svg in Resources */,
				5153C3BC1FDAD3AD0037B3C7 /* LaunchScreen.storyboard in Resources */,
				5153C3FA1FDDFA7D0037B3C7 /* IconBell.svg in Resources */,
				5153C3DE1FDB966B0037B3C7 /* Nouveau_IBM.ttf in Resources */,
				5153C3F81FDDFA7D0037B3C7 /* IconGear.svg in Resources */,
				5153C3B91FDAD3AD0037B3C7 /* Assets.xcassets in Resources */,
				5153C3E11FDC3D040037B3C7 /* 123349__tempouser__digital-alarm.wav in Resources */,
				5153C3B71FDAD3AD0037B3C7 /* Main.storyboard in Resources */,
			);
			runOnlyForDeploymentPostprocessing = 0;
		};
		5153C3C01FDAD3AD0037B3C7 /* Resources */ = {
			isa = PBXResourcesBuildPhase;
			buildActionMask = 2147483647;
			files = (
			);
			runOnlyForDeploymentPostprocessing = 0;
		};
/* End PBXResourcesBuildPhase section */

/* Begin PBXShellScriptBuildPhase section */
		1866AEF0108580592C705DA8 /* [CP] Copy Pods Resources */ = {
			isa = PBXShellScriptBuildPhase;
			buildActionMask = 2147483647;
			files = (
			);
			inputPaths = (
			);
			name = "[CP] Copy Pods Resources";
			outputPaths = (
			);
			runOnlyForDeploymentPostprocessing = 0;
			shellPath = /bin/sh;
			shellScript = "\"${SRCROOT}/Pods/Target Support Files/Pods-minapps-alarm-clock/Pods-minapps-alarm-clock-resources.sh\"\n";
			showEnvVarsInLog = 0;
		};
		40F653F27C4BFBC54426EA10 /* [CP] Embed Pods Frameworks */ = {
			isa = PBXShellScriptBuildPhase;
			buildActionMask = 2147483647;
			files = (
			);
			inputPaths = (
			);
			name = "[CP] Embed Pods Frameworks";
			outputPaths = (
			);
			runOnlyForDeploymentPostprocessing = 0;
			shellPath = /bin/sh;
			shellScript = "\"${SRCROOT}/Pods/Target Support Files/Pods-minapps-alarm-clock/Pods-minapps-alarm-clock-frameworks.sh\"\n";
			showEnvVarsInLog = 0;
		};
		4DEBEDDF32DD291970545BF8 /* [CP] Embed Pods Frameworks */ = {
			isa = PBXShellScriptBuildPhase;
			buildActionMask = 2147483647;
			files = (
			);
			inputPaths = (
			);
			name = "[CP] Embed Pods Frameworks";
			outputPaths = (
			);
			runOnlyForDeploymentPostprocessing = 0;
			shellPath = /bin/sh;
			shellScript = "\"${SRCROOT}/Pods/Target Support Files/Pods-minapps-alarm-clockTests/Pods-minapps-alarm-clockTests-frameworks.sh\"\n";
			showEnvVarsInLog = 0;
		};
		66D98E9F84842A55A647FBFE /* [CP] Check Pods Manifest.lock */ = {
			isa = PBXShellScriptBuildPhase;
			buildActionMask = 2147483647;
			files = (
			);
			inputPaths = (
			);
			name = "[CP] Check Pods Manifest.lock";
			outputPaths = (
			);
			runOnlyForDeploymentPostprocessing = 0;
			shellPath = /bin/sh;
			shellScript = "diff \"${PODS_ROOT}/../Podfile.lock\" \"${PODS_ROOT}/Manifest.lock\" > /dev/null\nif [ $? != 0 ] ; then\n    # print error to STDERR\n    echo \"error: The sandbox is not in sync with the Podfile.lock. Run 'pod install' or update your CocoaPods installation.\" >&2\n    exit 1\nfi\n";
			showEnvVarsInLog = 0;
		};
		825BB8BB1CC0BA3A68BDF230 /* [CP] Copy Pods Resources */ = {
			isa = PBXShellScriptBuildPhase;
			buildActionMask = 2147483647;
			files = (
			);
			inputPaths = (
			);
			name = "[CP] Copy Pods Resources";
			outputPaths = (
			);
			runOnlyForDeploymentPostprocessing = 0;
			shellPath = /bin/sh;
			shellScript = "\"${SRCROOT}/Pods/Target Support Files/Pods-minapps-alarm-clockTests/Pods-minapps-alarm-clockTests-resources.sh\"\n";
			showEnvVarsInLog = 0;
		};
		E14A2320B9E30E48E0B71915 /* [CP] Check Pods Manifest.lock */ = {
			isa = PBXShellScriptBuildPhase;
			buildActionMask = 2147483647;
			files = (
			);
			inputPaths = (
			);
			name = "[CP] Check Pods Manifest.lock";
			outputPaths = (
			);
			runOnlyForDeploymentPostprocessing = 0;
			shellPath = /bin/sh;
			shellScript = "diff \"${PODS_ROOT}/../Podfile.lock\" \"${PODS_ROOT}/Manifest.lock\" > /dev/null\nif [ $? != 0 ] ; then\n    # print error to STDERR\n    echo \"error: The sandbox is not in sync with the Podfile.lock. Run 'pod install' or update your CocoaPods installation.\" >&2\n    exit 1\nfi\n";
			showEnvVarsInLog = 0;
		};
/* End PBXShellScriptBuildPhase section */

/* Begin PBXSourcesBuildPhase section */
		5153C3AA1FDAD3AD0037B3C7 /* Sources */ = {
			isa = PBXSourcesBuildPhase;
			buildActionMask = 2147483647;
			files = (
				5153C3E51FDC543C0037B3C7 /* TimeMeridiem.swift in Sources */,
				5153C3E31FDC3DE50037B3C7 /* ClockTimeData.swift in Sources */,
				5153C3E91FDCA7B20037B3C7 /* ClockDateData.swift in Sources */,
				5153C3B21FDAD3AD0037B3C7 /* AppDelegate.swift in Sources */,
				5153C3D51FDADBCD0037B3C7 /* ClockViewController.swift in Sources */,
			);
			runOnlyForDeploymentPostprocessing = 0;
		};
		5153C3BE1FDAD3AD0037B3C7 /* Sources */ = {
			isa = PBXSourcesBuildPhase;
			buildActionMask = 2147483647;
			files = (
				5153C3EB1FDCAA870037B3C7 /* ClockDateDataTests.swift in Sources */,
				5153C3E71FDC5C450037B3C7 /* ClockTimeDataTests.swift in Sources */,
			);
			runOnlyForDeploymentPostprocessing = 0;
		};
/* End PBXSourcesBuildPhase section */

/* Begin PBXTargetDependency section */
		5153C3C41FDAD3AD0037B3C7 /* PBXTargetDependency */ = {
			isa = PBXTargetDependency;
			target = 5153C3AD1FDAD3AD0037B3C7 /* minapps-alarm-clock */;
			targetProxy = 5153C3C31FDAD3AD0037B3C7 /* PBXContainerItemProxy */;
		};
/* End PBXTargetDependency section */

/* Begin PBXVariantGroup section */
		5153C3B51FDAD3AD0037B3C7 /* Main.storyboard */ = {
			isa = PBXVariantGroup;
			children = (
				5153C3B61FDAD3AD0037B3C7 /* Base */,
			);
			name = Main.storyboard;
			sourceTree = "<group>";
		};
		5153C3BA1FDAD3AD0037B3C7 /* LaunchScreen.storyboard */ = {
			isa = PBXVariantGroup;
			children = (
				5153C3BB1FDAD3AD0037B3C7 /* Base */,
			);
			name = LaunchScreen.storyboard;
			sourceTree = "<group>";
		};
/* End PBXVariantGroup section */

/* Begin XCBuildConfiguration section */
		5153C3C91FDAD3AD0037B3C7 /* Debug */ = {
			isa = XCBuildConfiguration;
			buildSettings = {
				ALWAYS_SEARCH_USER_PATHS = NO;
				CLANG_ANALYZER_NONNULL = YES;
				CLANG_ANALYZER_NUMBER_OBJECT_CONVERSION = YES_AGGRESSIVE;
				CLANG_CXX_LANGUAGE_STANDARD = "gnu++14";
				CLANG_CXX_LIBRARY = "libc++";
				CLANG_ENABLE_MODULES = YES;
				CLANG_ENABLE_OBJC_ARC = YES;
				CLANG_WARN_BLOCK_CAPTURE_AUTORELEASING = YES;
				CLANG_WARN_BOOL_CONVERSION = YES;
				CLANG_WARN_COMMA = YES;
				CLANG_WARN_CONSTANT_CONVERSION = YES;
				CLANG_WARN_DIRECT_OBJC_ISA_USAGE = YES_ERROR;
				CLANG_WARN_DOCUMENTATION_COMMENTS = YES;
				CLANG_WARN_EMPTY_BODY = YES;
				CLANG_WARN_ENUM_CONVERSION = YES;
				CLANG_WARN_INFINITE_RECURSION = YES;
				CLANG_WARN_INT_CONVERSION = YES;
				CLANG_WARN_NON_LITERAL_NULL_CONVERSION = YES;
				CLANG_WARN_OBJC_LITERAL_CONVERSION = YES;
				CLANG_WARN_OBJC_ROOT_CLASS = YES_ERROR;
				CLANG_WARN_RANGE_LOOP_ANALYSIS = YES;
				CLANG_WARN_STRICT_PROTOTYPES = YES;
				CLANG_WARN_SUSPICIOUS_MOVE = YES;
				CLANG_WARN_UNGUARDED_AVAILABILITY = YES_AGGRESSIVE;
				CLANG_WARN_UNREACHABLE_CODE = YES;
				CLANG_WARN__DUPLICATE_METHOD_MATCH = YES;
				CODE_SIGN_IDENTITY = "iPhone Developer";
				COPY_PHASE_STRIP = NO;
				DEBUG_INFORMATION_FORMAT = dwarf;
				ENABLE_STRICT_OBJC_MSGSEND = YES;
				ENABLE_TESTABILITY = YES;
				GCC_C_LANGUAGE_STANDARD = gnu11;
				GCC_DYNAMIC_NO_PIC = NO;
				GCC_NO_COMMON_BLOCKS = YES;
				GCC_OPTIMIZATION_LEVEL = 0;
				GCC_PREPROCESSOR_DEFINITIONS = (
					"DEBUG=1",
					"$(inherited)",
				);
				GCC_WARN_64_TO_32_BIT_CONVERSION = YES;
				GCC_WARN_ABOUT_RETURN_TYPE = YES_ERROR;
				GCC_WARN_UNDECLARED_SELECTOR = YES;
				GCC_WARN_UNINITIALIZED_AUTOS = YES_AGGRESSIVE;
				GCC_WARN_UNUSED_FUNCTION = YES;
				GCC_WARN_UNUSED_VARIABLE = YES;
				IPHONEOS_DEPLOYMENT_TARGET = 11.2;
				MTL_ENABLE_DEBUG_INFO = YES;
				ONLY_ACTIVE_ARCH = YES;
				SDKROOT = iphoneos;
				SWIFT_ACTIVE_COMPILATION_CONDITIONS = DEBUG;
				SWIFT_OPTIMIZATION_LEVEL = "-Onone";
			};
			name = Debug;
		};
		5153C3CA1FDAD3AD0037B3C7 /* Release */ = {
			isa = XCBuildConfiguration;
			buildSettings = {
				ALWAYS_SEARCH_USER_PATHS = NO;
				CLANG_ANALYZER_NONNULL = YES;
				CLANG_ANALYZER_NUMBER_OBJECT_CONVERSION = YES_AGGRESSIVE;
				CLANG_CXX_LANGUAGE_STANDARD = "gnu++14";
				CLANG_CXX_LIBRARY = "libc++";
				CLANG_ENABLE_MODULES = YES;
				CLANG_ENABLE_OBJC_ARC = YES;
				CLANG_WARN_BLOCK_CAPTURE_AUTORELEASING = YES;
				CLANG_WARN_BOOL_CONVERSION = YES;
				CLANG_WARN_COMMA = YES;
				CLANG_WARN_CONSTANT_CONVERSION = YES;
				CLANG_WARN_DIRECT_OBJC_ISA_USAGE = YES_ERROR;
				CLANG_WARN_DOCUMENTATION_COMMENTS = YES;
				CLANG_WARN_EMPTY_BODY = YES;
				CLANG_WARN_ENUM_CONVERSION = YES;
				CLANG_WARN_INFINITE_RECURSION = YES;
				CLANG_WARN_INT_CONVERSION = YES;
				CLANG_WARN_NON_LITERAL_NULL_CONVERSION = YES;
				CLANG_WARN_OBJC_LITERAL_CONVERSION = YES;
				CLANG_WARN_OBJC_ROOT_CLASS = YES_ERROR;
				CLANG_WARN_RANGE_LOOP_ANALYSIS = YES;
				CLANG_WARN_STRICT_PROTOTYPES = YES;
				CLANG_WARN_SUSPICIOUS_MOVE = YES;
				CLANG_WARN_UNGUARDED_AVAILABILITY = YES_AGGRESSIVE;
				CLANG_WARN_UNREACHABLE_CODE = YES;
				CLANG_WARN__DUPLICATE_METHOD_MATCH = YES;
				CODE_SIGN_IDENTITY = "iPhone Developer";
				COPY_PHASE_STRIP = NO;
				DEBUG_INFORMATION_FORMAT = "dwarf-with-dsym";
				ENABLE_NS_ASSERTIONS = NO;
				ENABLE_STRICT_OBJC_MSGSEND = YES;
				GCC_C_LANGUAGE_STANDARD = gnu11;
				GCC_NO_COMMON_BLOCKS = YES;
				GCC_WARN_64_TO_32_BIT_CONVERSION = YES;
				GCC_WARN_ABOUT_RETURN_TYPE = YES_ERROR;
				GCC_WARN_UNDECLARED_SELECTOR = YES;
				GCC_WARN_UNINITIALIZED_AUTOS = YES_AGGRESSIVE;
				GCC_WARN_UNUSED_FUNCTION = YES;
				GCC_WARN_UNUSED_VARIABLE = YES;
				IPHONEOS_DEPLOYMENT_TARGET = 11.2;
				MTL_ENABLE_DEBUG_INFO = NO;
				SDKROOT = iphoneos;
				SWIFT_OPTIMIZATION_LEVEL = "-Owholemodule";
				VALIDATE_PRODUCT = YES;
			};
			name = Release;
		};
		5153C3CC1FDAD3AD0037B3C7 /* Debug */ = {
			isa = XCBuildConfiguration;
			baseConfigurationReference = 5B45C5E596509652AD53D655 /* Pods-minapps-alarm-clock.debug.xcconfig */;
			buildSettings = {
				ASSETCATALOG_COMPILER_APPICON_NAME = AppIcon;
				CODE_SIGN_STYLE = Automatic;
				DEVELOPMENT_TEAM = 43HLE74Q59;
				INFOPLIST_FILE = "minapps-alarm-clock/Info.plist";
				IPHONEOS_DEPLOYMENT_TARGET = 10.0;
				LD_RUNPATH_SEARCH_PATHS = "$(inherited) @executable_path/Frameworks";
				PRODUCT_BUNDLE_IDENTIFIER = "com.jishenaz.minapps-alarm-clock";
				PRODUCT_NAME = "$(TARGET_NAME)";
				SWIFT_VERSION = 4.0;
				TARGETED_DEVICE_FAMILY = "1,2";
			};
			name = Debug;
		};
		5153C3CD1FDAD3AD0037B3C7 /* Release */ = {
			isa = XCBuildConfiguration;
			baseConfigurationReference = EF3717DF4D4265B1FB5BEBDB /* Pods-minapps-alarm-clock.release.xcconfig */;
			buildSettings = {
				ASSETCATALOG_COMPILER_APPICON_NAME = AppIcon;
				CODE_SIGN_STYLE = Automatic;
				DEVELOPMENT_TEAM = 43HLE74Q59;
				INFOPLIST_FILE = "minapps-alarm-clock/Info.plist";
				IPHONEOS_DEPLOYMENT_TARGET = 10.0;
				LD_RUNPATH_SEARCH_PATHS = "$(inherited) @executable_path/Frameworks";
				PRODUCT_BUNDLE_IDENTIFIER = "com.jishenaz.minapps-alarm-clock";
				PRODUCT_NAME = "$(TARGET_NAME)";
				SWIFT_VERSION = 4.0;
				TARGETED_DEVICE_FAMILY = "1,2";
			};
			name = Release;
		};
		5153C3CF1FDAD3AD0037B3C7 /* Debug */ = {
			isa = XCBuildConfiguration;
			baseConfigurationReference = 795EF69116EDC746B90BAEF0 /* Pods-minapps-alarm-clockTests.debug.xcconfig */;
			buildSettings = {
				ALWAYS_EMBED_SWIFT_STANDARD_LIBRARIES = YES;
				BUNDLE_LOADER = "$(TEST_HOST)";
				CODE_SIGN_STYLE = Automatic;
				DEVELOPMENT_TEAM = 43HLE74Q59;
				INFOPLIST_FILE = "minapps-alarm-clockTests/Info.plist";
				LD_RUNPATH_SEARCH_PATHS = "$(inherited) @executable_path/Frameworks @loader_path/Frameworks";
				PRODUCT_BUNDLE_IDENTIFIER = "com.jishenaz.minapps-alarm-clockTests";
				PRODUCT_NAME = "$(TARGET_NAME)";
				SWIFT_VERSION = 4.0;
				TARGETED_DEVICE_FAMILY = "1,2";
				TEST_HOST = "$(BUILT_PRODUCTS_DIR)/minapps-alarm-clock.app/minapps-alarm-clock";
			};
			name = Debug;
		};
		5153C3D01FDAD3AD0037B3C7 /* Release */ = {
			isa = XCBuildConfiguration;
			baseConfigurationReference = 6C4151DFE3DEDA57D39624D9 /* Pods-minapps-alarm-clockTests.release.xcconfig */;
			buildSettings = {
				ALWAYS_EMBED_SWIFT_STANDARD_LIBRARIES = YES;
				BUNDLE_LOADER = "$(TEST_HOST)";
				CODE_SIGN_STYLE = Automatic;
				DEVELOPMENT_TEAM = 43HLE74Q59;
				INFOPLIST_FILE = "minapps-alarm-clockTests/Info.plist";
				LD_RUNPATH_SEARCH_PATHS = "$(inherited) @executable_path/Frameworks @loader_path/Frameworks";
				PRODUCT_BUNDLE_IDENTIFIER = "com.jishenaz.minapps-alarm-clockTests";
				PRODUCT_NAME = "$(TARGET_NAME)";
				SWIFT_VERSION = 4.0;
				TARGETED_DEVICE_FAMILY = "1,2";
				TEST_HOST = "$(BUILT_PRODUCTS_DIR)/minapps-alarm-clock.app/minapps-alarm-clock";
			};
			name = Release;
		};
/* End XCBuildConfiguration section */

/* Begin XCConfigurationList section */
		5153C3A91FDAD3AC0037B3C7 /* Build configuration list for PBXProject "minapps-alarm-clock" */ = {
			isa = XCConfigurationList;
			buildConfigurations = (
				5153C3C91FDAD3AD0037B3C7 /* Debug */,
				5153C3CA1FDAD3AD0037B3C7 /* Release */,
			);
			defaultConfigurationIsVisible = 0;
			defaultConfigurationName = Release;
		};
		5153C3CB1FDAD3AD0037B3C7 /* Build configuration list for PBXNativeTarget "minapps-alarm-clock" */ = {
			isa = XCConfigurationList;
			buildConfigurations = (
				5153C3CC1FDAD3AD0037B3C7 /* Debug */,
				5153C3CD1FDAD3AD0037B3C7 /* Release */,
			);
			defaultConfigurationIsVisible = 0;
			defaultConfigurationName = Release;
		};
		5153C3CE1FDAD3AD0037B3C7 /* Build configuration list for PBXNativeTarget "minapps-alarm-clockTests" */ = {
			isa = XCConfigurationList;
			buildConfigurations = (
				5153C3CF1FDAD3AD0037B3C7 /* Debug */,
				5153C3D01FDAD3AD0037B3C7 /* Release */,
			);
			defaultConfigurationIsVisible = 0;
			defaultConfigurationName = Release;
		};
/* End XCConfigurationList section */
	};
	rootObject = 5153C3A61FDAD3AC0037B3C7 /* Project object */;
}
